
Microsoft Visual Studio Solution File, Format Version 12.00
# Visual Studio Version 17
VisualStudioVersion = 17.0.31903.59
MinimumVisualStudioVersion = 10.0.40219.1
Project("{FAE04EC0-301F-11D3-BF4B-00C04F79EFBC}") = "test", "test\test.csproj", "{D9634DB2-31AB-4026-A78A-1C24C136134F}"
EndProject
Project("{FAE04EC0-301F-11D3-BF4B-00C04F79EFBC}") = "game", "game\game.csproj", "{3D14304C-91C0-4D93-BBEF-09F485066BA7}"
EndProject
Project("{FAE04EC0-301F-11D3-BF4B-00C04F79EFBC}") = "FactorialRevolution", "frontend\FactorialRevolution.csproj", "{DE48DA59-1EE1-44B5-9DFD-EEF2BD1DB3EB}"
EndProject
Global
	GlobalSection(SolutionConfigurationPlatforms) = preSolution
		Debug|Any CPU = Debug|Any CPU
		Release|Any CPU = Release|Any CPU
	EndGlobalSection
	GlobalSection(SolutionProperties) = preSolution
		HideSolutionNode = FALSE
	EndGlobalSection
	GlobalSection(ProjectConfigurationPlatforms) = postSolution
		{D9634DB2-31AB-4026-A78A-1C24C136134F}.Debug|Any CPU.ActiveCfg = Debug|Any CPU
		{D9634DB2-31AB-4026-A78A-1C24C136134F}.Debug|Any CPU.Build.0 = Debug|Any CPU
		{D9634DB2-31AB-4026-A78A-1C24C136134F}.Release|Any CPU.ActiveCfg = Release|Any CPU
		{D9634DB2-31AB-4026-A78A-1C24C136134F}.Release|Any CPU.Build.0 = Release|Any CPU
		{3D14304C-91C0-4D93-BBEF-09F485066BA7}.Debug|Any CPU.ActiveCfg = Debug|Any CPU
		{3D14304C-91C0-4D93-BBEF-09F485066BA7}.Debug|Any CPU.Build.0 = Debug|Any CPU
		{3D14304C-91C0-4D93-BBEF-09F485066BA7}.Release|Any CPU.ActiveCfg = Release|Any CPU
		{3D14304C-91C0-4D93-BBEF-09F485066BA7}.Release|Any CPU.Build.0 = Release|Any CPU
		{DE48DA59-1EE1-44B5-9DFD-EEF2BD1DB3EB}.Debug|Any CPU.ActiveCfg = Debug|Any CPU
		{DE48DA59-1EE1-44B5-9DFD-EEF2BD1DB3EB}.Debug|Any CPU.Build.0 = Debug|Any CPU
		{DE48DA59-1EE1-44B5-9DFD-EEF2BD1DB3EB}.Release|Any CPU.ActiveCfg = Release|Any CPU
		{DE48DA59-1EE1-44B5-9DFD-EEF2BD1DB3EB}.Release|Any CPU.Build.0 = Release|Any CPU
	EndGlobalSection
EndGlobal
